{"1.1.0",
[{<<"bcrypt">>,{pkg,<<"bcrypt">>,<<"1.1.2">>},0},
 {<<"poolboy">>,{pkg,<<"poolboy">>,<<"1.5.2">>},1}]}.
[
{pkg_hash,[
 {<<"bcrypt">>, <<"36C9F72EEFDB7736EA27260B5FE2D8694D4AAC9E17361EE566E5D71173EA3CA7">>},
 {<<"poolboy">>, <<"392B007A1693A64540CEAD79830443ABF5762F5D30CF50BC95CB2C1AAAFA006B">>}]}
].
